
Microsoft Visual Studio Solution File, Format Version 12.00
Project("{FAE04EC0-301F-11D3-BF4B-00C04F79EFBC}") = "RejectionApp", "RejectionApp\RejectionApp.csproj", "{B5F50E85-033A-47AC-B042-925E8922402D}"
EndProject
Project("{FAE04EC0-301F-11D3-BF4B-00C04F79EFBC}") = "RejectionApp.Models", "RejectionApp.Models\RejectionApp.Models.csproj", "{940B5F3D-047B-4FE8-9A9B-DDC83AE7AED2}"
EndProject
Project("{FAE04EC0-301F-11D3-BF4B-00C04F79EFBC}") = "RejectionApp.Utilities", "RejectionApp.Utilities\RejectionApp.Utilities.csproj", "{4A5E8FF7-9987-4779-9304-E0087A42B578}"
EndProject
Project("{FAE04EC0-301F-11D3-BF4B-00C04F79EFBC}") = "RejectionApp.Services", "RejectionApp.Services\RejectionApp.Services.csproj", "{BF408D4B-40C5-4B5F-9BB2-028A1E0EBB83}"
EndProject
Global
	GlobalSection(SolutionConfigurationPlatforms) = preSolution
		Debug|Any CPU = Debug|Any CPU
		Release|Any CPU = Release|Any CPU
	EndGlobalSection
	GlobalSection(ProjectConfigurationPlatforms) = postSolution
		{B5F50E85-033A-47AC-B042-925E8922402D}.Debug|Any CPU.ActiveCfg = Debug|Any CPU
		{B5F50E85-033A-47AC-B042-925E8922402D}.Debug|Any CPU.Build.0 = Debug|Any CPU
		{B5F50E85-033A-47AC-B042-925E8922402D}.Release|Any CPU.ActiveCfg = Release|Any CPU
		{B5F50E85-033A-47AC-B042-925E8922402D}.Release|Any CPU.Build.0 = Release|Any CPU
		{940B5F3D-047B-4FE8-9A9B-DDC83AE7AED2}.Debug|Any CPU.ActiveCfg = Debug|Any CPU
		{940B5F3D-047B-4FE8-9A9B-DDC83AE7AED2}.Debug|Any CPU.Build.0 = Debug|Any CPU
		{940B5F3D-047B-4FE8-9A9B-DDC83AE7AED2}.Release|Any CPU.ActiveCfg = Release|Any CPU
		{940B5F3D-047B-4FE8-9A9B-DDC83AE7AED2}.Release|Any CPU.Build.0 = Release|Any CPU
		{4A5E8FF7-9987-4779-9304-E0087A42B578}.Debug|Any CPU.ActiveCfg = Debug|Any CPU
		{4A5E8FF7-9987-4779-9304-E0087A42B578}.Debug|Any CPU.Build.0 = Debug|Any CPU
		{4A5E8FF7-9987-4779-9304-E0087A42B578}.Release|Any CPU.ActiveCfg = Release|Any CPU
		{4A5E8FF7-9987-4779-9304-E0087A42B578}.Release|Any CPU.Build.0 = Release|Any CPU
		{BF408D4B-40C5-4B5F-9BB2-028A1E0EBB83}.Debug|Any CPU.ActiveCfg = Debug|Any CPU
		{BF408D4B-40C5-4B5F-9BB2-028A1E0EBB83}.Debug|Any CPU.Build.0 = Debug|Any CPU
		{BF408D4B-40C5-4B5F-9BB2-028A1E0EBB83}.Release|Any CPU.ActiveCfg = Release|Any CPU
		{BF408D4B-40C5-4B5F-9BB2-028A1E0EBB83}.Release|Any CPU.Build.0 = Release|Any CPU
	EndGlobalSection
EndGlobal
